Microsoft Visual Studio Solution File, Format Version 12.00
# Visual Studio Version 17
VisualStudioVersion = 17.5.2.0
MinimumVisualStudioVersion = 10.0.40219.1
Project("{FAE04EC0-301F-11D3-BF4B-00C04F79EFBC}") = "NguyenSao_2122110145", "NguyenSao_2122110145.csproj", "{CC88948A-3BC0-531F-8FB6-9CB13BEF1B21}"
EndProject
Global
	GlobalSection(SolutionConfigurationPlatforms) = preSolution
		Debug|Any CPU = Debug|Any CPU
		Release|Any CPU = Release|Any CPU
	EndGlobalSection
	GlobalSection(ProjectConfigurationPlatforms) = postSolution
		{CC88948A-3BC0-531F-8FB6-9CB13BEF1B21}.Debug|Any CPU.ActiveCfg = Debug|Any CPU
		{CC88948A-3BC0-531F-8FB6-9CB13BEF1B21}.Debug|Any CPU.Build.0 = Debug|Any CPU
		{CC88948A-3BC0-531F-8FB6-9CB13BEF1B21}.Release|Any CPU.ActiveCfg = Release|Any CPU
		{CC88948A-3BC0-531F-8FB6-9CB13BEF1B21}.Release|Any CPU.Build.0 = Release|Any CPU
	EndGlobalSection
	GlobalSection(SolutionProperties) = preSolution
		HideSolutionNode = FALSE
	EndGlobalSection
	GlobalSection(ExtensibilityGlobals) = postSolution
		SolutionGuid = {16F023A9-5791-4FD3-8A4A-5D5993C46806}
	EndGlobalSection
EndGlobal
